
Microsoft Visual Studio Solution File, Format Version 12.00
# Visual Studio 2013
VisualStudioVersion = 12.0.31101.0
MinimumVisualStudioVersion = 10.0.40219.1
Project("{FAE04EC0-301F-11D3-BF4B-00C04F79EFBC}") = "Connected", "Connected\Connected.csproj", "{DCD3581D-FB3B-47D1-A7E3-6450B2138477}"
EndProject
Project("{FAE04EC0-301F-11D3-BF4B-00C04F79EFBC}") = "Connected.Tests", "Connected.Tests\Connected.Tests.csproj", "{7FF2BDF9-86FD-4D64-9AB1-BE3756BB72B7}"
EndProject
Global
	GlobalSection(SolutionConfigurationPlatforms) = preSolution
		Debug|Any CPU = Debug|Any CPU
		Release|Any CPU = Release|Any CPU
	EndGlobalSection
	GlobalSection(ProjectConfigurationPlatforms) = postSolution
		{DCD3581D-FB3B-47D1-A7E3-6450B2138477}.Debug|Any CPU.ActiveCfg = Debug|Any CPU
		{DCD3581D-FB3B-47D1-A7E3-6450B2138477}.Debug|Any CPU.Build.0 = Debug|Any CPU
		{DCD3581D-FB3B-47D1-A7E3-6450B2138477}.Release|Any CPU.ActiveCfg = Release|Any CPU
		{DCD3581D-FB3B-47D1-A7E3-6450B2138477}.Release|Any CPU.Build.0 = Release|Any CPU
		{7FF2BDF9-86FD-4D64-9AB1-BE3756BB72B7}.Debug|Any CPU.ActiveCfg = Debug|Any CPU
		{7FF2BDF9-86FD-4D64-9AB1-BE3756BB72B7}.Debug|Any CPU.Build.0 = Debug|Any CPU
		{7FF2BDF9-86FD-4D64-9AB1-BE3756BB72B7}.Release|Any CPU.ActiveCfg = Release|Any CPU
		{7FF2BDF9-86FD-4D64-9AB1-BE3756BB72B7}.Release|Any CPU.Build.0 = Release|Any CPU
	EndGlobalSection
	GlobalSection(SolutionProperties) = preSolution
		HideSolutionNode = FALSE
	EndGlobalSection
EndGlobal
